
Microsoft Visual Studio Solution File, Format Version 12.00
# Visual Studio 15
VisualStudioVersion = 15.0.26730.12
MinimumVisualStudioVersion = 10.0.40219.1
Project("{FAE04EC0-301F-11D3-BF4B-00C04F79EFBC}") = "HelloCrossPlatformWorld.Droid", "HelloCrossPlatformWorld.Droid\HelloCrossPlatformWorld.Droid.csproj", "{E82955C8-B3B4-454A-8008-1090FBA77072}"
EndProject
Project("{9A19103F-16F7-4668-BE54-9A1E7A4F7556}") = "HelloCrossPlatformWorld.Core", "HelloCrossPlatformWorld.Core\HelloCrossPlatformWorld.Core.csproj", "{E0B39397-865F-48B2-9A37-3B1A8E68F50C}"
EndProject
Project("{FAE04EC0-301F-11D3-BF4B-00C04F79EFBC}") = "HelloCrossPlatformWorld.iOS", "HelloCrossPlatformWorld.iOS\HelloCrossPlatformWorld.iOS.csproj", "{932E4B0F-0DD0-4998-94FE-93D366EE607E}"
EndProject
Global
	GlobalSection(SolutionConfigurationPlatforms) = preSolution
		Ad-Hoc|Any CPU = Ad-Hoc|Any CPU
		Ad-Hoc|ARM = Ad-Hoc|ARM
		Ad-Hoc|iPhone = Ad-Hoc|iPhone
		Ad-Hoc|iPhoneSimulator = Ad-Hoc|iPhoneSimulator
		Ad-Hoc|x64 = Ad-Hoc|x64
		Ad-Hoc|x86 = Ad-Hoc|x86
		AppStore|Any CPU = AppStore|Any CPU
		AppStore|ARM = AppStore|ARM
		AppStore|iPhone = AppStore|iPhone
		AppStore|iPhoneSimulator = AppStore|iPhoneSimulator
		AppStore|x64 = AppStore|x64
		AppStore|x86 = AppStore|x86
		Debug|Any CPU = Debug|Any CPU
		Debug|ARM = Debug|ARM
		Debug|iPhone = Debug|iPhone
		Debug|iPhoneSimulator = Debug|iPhoneSimulator
		Debug|x64 = Debug|x64
		Debug|x86 = Debug|x86
		Release|Any CPU = Release|Any CPU
		Release|ARM = Release|ARM
		Release|iPhone = Release|iPhone
		Release|iPhoneSimulator = Release|iPhoneSimulator
		Release|x64 = Release|x64
		Release|x86 = Release|x86
	EndGlobalSection
	GlobalSection(ProjectConfigurationPlatforms) = postSolution
		{E82955C8-B3B4-454A-8008-1090FBA77072}.Ad-Hoc|Any CPU.ActiveCfg = Release|Any CPU
		{E82955C8-B3B4-454A-8008-1090FBA77072}.Ad-Hoc|Any CPU.Build.0 = Release|Any CPU
		{E82955C8-B3B4-454A-8008-1090FBA77072}.Ad-Hoc|Any CPU.Deploy.0 = Release|Any CPU
		{E82955C8-B3B4-454A-8008-1090FBA77072}.Ad-Hoc|ARM.ActiveCfg = Release|Any CPU
		{E82955C8-B3B4-454A-8008-1090FBA77072}.Ad-Hoc|ARM.Build.0 = Release|Any CPU
		{E82955C8-B3B4-454A-8008-1090FBA77072}.Ad-Hoc|ARM.Deploy.0 = Release|Any CPU
		{E82955C8-B3B4-454A-8008-1090FBA77072}.Ad-Hoc|iPhone.ActiveCfg = Release|Any CPU
		{E82955C8-B3B4-454A-8008-1090FBA77072}.Ad-Hoc|iPhone.Build.0 = Release|Any CPU
		{E82955C8-B3B4-454A-8008-1090FBA77072}.Ad-Hoc|iPhone.Deploy.0 = Release|Any CPU
		{E82955C8-B3B4-454A-8008-1090FBA77072}.Ad-Hoc|iPhoneSimulator.ActiveCfg = Release|Any CPU
		{E82955C8-B3B4-454A-8008-1090FBA77072}.Ad-Hoc|iPhoneSimulator.Build.0 = Release|Any CPU
		{E82955C8-B3B4-454A-8008-1090FBA77072}.Ad-Hoc|iPhoneSimulator.Deploy.0 = Release|Any CPU
		{E82955C8-B3B4-454A-8008-1090FBA77072}.Ad-Hoc|x64.ActiveCfg = Release|Any CPU
		{E82955C8-B3B4-454A-8008-1090FBA77072}.Ad-Hoc|x64.Build.0 = Release|Any CPU
		{E82955C8-B3B4-454A-8008-1090FBA77072}.Ad-Hoc|x64.Deploy.0 = Release|Any CPU
		{E82955C8-B3B4-454A-8008-1090FBA77072}.Ad-Hoc|x86.ActiveCfg = Release|Any CPU
		{E82955C8-B3B4-454A-8008-1090FBA77072}.Ad-Hoc|x86.Build.0 = Release|Any CPU
		{E82955C8-B3B4-454A-8008-1090FBA77072}.Ad-Hoc|x86.Deploy.0 = Release|Any CPU
		{E82955C8-B3B4-454A-8008-1090FBA77072}.AppStore|Any CPU.ActiveCfg = Release|Any CPU
		{E82955C8-B3B4-454A-8008-1090FBA77072}.AppStore|Any CPU.Build.0 = Release|Any CPU
		{E82955C8-B3B4-454A-8008-1090FBA77072}.AppStore|Any CPU.Deploy.0 = Release|Any CPU
		{E82955C8-B3B4-454A-8008-1090FBA77072}.AppStore|ARM.ActiveCfg = Release|Any CPU
		{E82955C8-B3B4-454A-8008-1090FBA77072}.AppStore|ARM.Build.0 = Release|Any CPU
		{E82955C8-B3B4-454A-8008-1090FBA77072}.AppStore|ARM.Deploy.0 = Release|Any CPU
		{E82955C8-B3B4-454A-8008-1090FBA77072}.AppStore|iPhone.ActiveCfg = Release|Any CPU
		{E82955C8-B3B4-454A-8008-1090FBA77072}.AppStore|iPhone.Build.0 = Release|Any CPU
		{E82955C8-B3B4-454A-8008-1090FBA77072}.AppStore|iPhone.Deploy.0 = Release|Any CPU
		{E82955C8-B3B4-454A-8008-1090FBA77072}.AppStore|iPhoneSimulator.ActiveCfg = Release|Any CPU
		{E82955C8-B3B4-454A-8008-1090FBA77072}.AppStore|iPhoneSimulator.Build.0 = Release|Any CPU
		{E82955C8-B3B4-454A-8008-1090FBA77072}.AppStore|iPhoneSimulator.Deploy.0 = Release|Any CPU
		{E82955C8-B3B4-454A-8008-1090FBA77072}.AppStore|x64.ActiveCfg = Release|Any CPU
		{E82955C8-B3B4-454A-8008-1090FBA77072}.AppStore|x64.Build.0 = Release|Any CPU
		{E82955C8-B3B4-454A-8008-1090FBA77072}.AppStore|x64.Deploy.0 = Release|Any CPU
		{E82955C8-B3B4-454A-8008-1090FBA77072}.AppStore|x86.ActiveCfg = Release|Any CPU
		{E82955C8-B3B4-454A-8008-1090FBA77072}.AppStore|x86.Build.0 = Release|Any CPU
		{E82955C8-B3B4-454A-8008-1090FBA77072}.AppStore|x86.Deploy.0 = Release|Any CPU
		{E82955C8-B3B4-454A-8008-1090FBA77072}.Debug|Any CPU.ActiveCfg = Debug|Any CPU
		{E82955C8-B3B4-454A-8008-1090FBA77072}.Debug|Any CPU.Build.0 = Debug|Any CPU
		{E82955C8-B3B4-454A-8008-1090FBA77072}.Debug|ARM.ActiveCfg = Debug|Any CPU
		{E82955C8-B3B4-454A-8008-1090FBA77072}.Debug|ARM.Build.0 = Debug|Any CPU
		{E82955C8-B3B4-454A-8008-1090FBA77072}.Debug|ARM.Deploy.0 = Debug|Any CPU
		{E82955C8-B3B4-454A-8008-1090FBA77072}.Debug|iPhone.ActiveCfg = Debug|Any CPU
		{E82955C8-B3B4-454A-8008-1090FBA77072}.Debug|iPhone.Build.0 = Debug|Any CPU
		{E82955C8-B3B4-454A-8008-1090FBA77072}.Debug|iPhone.Deploy.0 = Debug|Any CPU
		{E82955C8-B3B4-454A-8008-1090FBA77072}.Debug|iPhoneSimulator.ActiveCfg = Debug|Any CPU
		{E82955C8-B3B4-454A-8008-1090FBA77072}.Debug|iPhoneSimulator.Build.0 = Debug|Any CPU
		{E82955C8-B3B4-454A-8008-1090FBA77072}.Debug|iPhoneSimulator.Deploy.0 = Debug|Any CPU
		{E82955C8-B3B4-454A-8008-1090FBA77072}.Debug|x64.ActiveCfg = Debug|Any CPU
		{E82955C8-B3B4-454A-8008-1090FBA77072}.Debug|x64.Build.0 = Debug|Any CPU
		{E82955C8-B3B4-454A-8008-1090FBA77072}.Debug|x64.Deploy.0 = Debug|Any CPU
		{E82955C8-B3B4-454A-8008-1090FBA77072}.Debug|x86.ActiveCfg = Debug|Any CPU
		{E82955C8-B3B4-454A-8008-1090FBA77072}.Debug|x86.Build.0 = Debug|Any CPU
		{E82955C8-B3B4-454A-8008-1090FBA77072}.Debug|x86.Deploy.0 = Debug|Any CPU
		{E82955C8-B3B4-454A-8008-1090FBA77072}.Release|Any CPU.ActiveCfg = Release|Any CPU
		{E82955C8-B3B4-454A-8008-1090FBA77072}.Release|ARM.ActiveCfg = Release|Any CPU
		{E82955C8-B3B4-454A-8008-1090FBA77072}.Release|ARM.Build.0 = Release|Any CPU
		{E82955C8-B3B4-454A-8008-1090FBA77072}.Release|ARM.Deploy.0 = Release|Any CPU
		{E82955C8-B3B4-454A-8008-1090FBA77072}.Release|iPhone.ActiveCfg = Release|Any CPU
		{E82955C8-B3B4-454A-8008-1090FBA77072}.Release|iPhone.Build.0 = Release|Any CPU
		{E82955C8-B3B4-454A-8008-1090FBA77072}.Release|iPhone.Deploy.0 = Release|Any CPU
		{E82955C8-B3B4-454A-8008-1090FBA77072}.Release|iPhoneSimulator.ActiveCfg = Release|Any CPU
		{E82955C8-B3B4-454A-8008-1090FBA77072}.Release|iPhoneSimulator.Build.0 = Release|Any CPU
		{E82955C8-B3B4-454A-8008-1090FBA77072}.Release|iPhoneSimulator.Deploy.0 = Release|Any CPU
		{E82955C8-B3B4-454A-8008-1090FBA77072}.Release|x64.ActiveCfg = Release|Any CPU
		{E82955C8-B3B4-454A-8008-1090FBA77072}.Release|x64.Build.0 = Release|Any CPU
		{E82955C8-B3B4-454A-8008-1090FBA77072}.Release|x64.Deploy.0 = Release|Any CPU
		{E82955C8-B3B4-454A-8008-1090FBA77072}.Release|x86.ActiveCfg = Release|Any CPU
		{E82955C8-B3B4-454A-8008-1090FBA77072}.Release|x86.Build.0 = Release|Any CPU
		{E82955C8-B3B4-454A-8008-1090FBA77072}.Release|x86.Deploy.0 = Release|Any CPU
		{E0B39397-865F-48B2-9A37-3B1A8E68F50C}.Ad-Hoc|Any CPU.ActiveCfg = Release|Any CPU
		{E0B39397-865F-48B2-9A37-3B1A8E68F50C}.Ad-Hoc|Any CPU.Build.0 = Release|Any CPU
		{E0B39397-865F-48B2-9A37-3B1A8E68F50C}.Ad-Hoc|ARM.ActiveCfg = Release|Any CPU
		{E0B39397-865F-48B2-9A37-3B1A8E68F50C}.Ad-Hoc|ARM.Build.0 = Release|Any CPU
		{E0B39397-865F-48B2-9A37-3B1A8E68F50C}.Ad-Hoc|iPhone.ActiveCfg = Release|Any CPU
		{E0B39397-865F-48B2-9A37-3B1A8E68F50C}.Ad-Hoc|iPhone.Build.0 = Release|Any CPU
		{E0B39397-865F-48B2-9A37-3B1A8E68F50C}.Ad-Hoc|iPhoneSimulator.ActiveCfg = Release|Any CPU
		{E0B39397-865F-48B2-9A37-3B1A8E68F50C}.Ad-Hoc|iPhoneSimulator.Build.0 = Release|Any CPU
		{E0B39397-865F-48B2-9A37-3B1A8E68F50C}.Ad-Hoc|x64.ActiveCfg = Release|Any CPU
		{E0B39397-865F-48B2-9A37-3B1A8E68F50C}.Ad-Hoc|x64.Build.0 = Release|Any CPU
		{E0B39397-865F-48B2-9A37-3B1A8E68F50C}.Ad-Hoc|x86.ActiveCfg = Release|Any CPU
		{E0B39397-865F-48B2-9A37-3B1A8E68F50C}.Ad-Hoc|x86.Build.0 = Release|Any CPU
		{E0B39397-865F-48B2-9A37-3B1A8E68F50C}.AppStore|Any CPU.ActiveCfg = Release|Any CPU
		{E0B39397-865F-48B2-9A37-3B1A8E68F50C}.AppStore|Any CPU.Build.0 = Release|Any CPU
		{E0B39397-865F-48B2-9A37-3B1A8E68F50C}.AppStore|ARM.ActiveCfg = Release|Any CPU
		{E0B39397-865F-48B2-9A37-3B1A8E68F50C}.AppStore|ARM.Build.0 = Release|Any CPU
		{E0B39397-865F-48B2-9A37-3B1A8E68F50C}.AppStore|iPhone.ActiveCfg = Release|Any CPU
		{E0B39397-865F-48B2-9A37-3B1A8E68F50C}.AppStore|iPhone.Build.0 = Release|Any CPU
		{E0B39397-865F-48B2-9A37-3B1A8E68F50C}.AppStore|iPhoneSimulator.ActiveCfg = Release|Any CPU
		{E0B39397-865F-48B2-9A37-3B1A8E68F50C}.AppStore|iPhoneSimulator.Build.0 = Release|Any CPU
		{E0B39397-865F-48B2-9A37-3B1A8E68F50C}.AppStore|x64.ActiveCfg = Release|Any CPU
		{E0B39397-865F-48B2-9A37-3B1A8E68F50C}.AppStore|x64.Build.0 = Release|Any CPU
		{E0B39397-865F-48B2-9A37-3B1A8E68F50C}.AppStore|x86.ActiveCfg = Release|Any CPU
		{E0B39397-865F-48B2-9A37-3B1A8E68F50C}.AppStore|x86.Build.0 = Release|Any CPU
		{E0B39397-865F-48B2-9A37-3B1A8E68F50C}.Debug|Any CPU.ActiveCfg = Debug|Any CPU
		{E0B39397-865F-48B2-9A37-3B1A8E68F50C}.Debug|Any CPU.Build.0 = Debug|Any CPU
		{E0B39397-865F-48B2-9A37-3B1A8E68F50C}.Debug|ARM.ActiveCfg = Debug|Any CPU
		{E0B39397-865F-48B2-9A37-3B1A8E68F50C}.Debug|ARM.Build.0 = Debug|Any CPU
		{E0B39397-865F-48B2-9A37-3B1A8E68F50C}.Debug|iPhone.ActiveCfg = Debug|Any CPU
		{E0B39397-865F-48B2-9A37-3B1A8E68F50C}.Debug|iPhone.Build.0 = Debug|Any CPU
		{E0B39397-865F-48B2-9A37-3B1A8E68F50C}.Debug|iPhoneSimulator.ActiveCfg = Debug|Any CPU
		{E0B39397-865F-48B2-9A37-3B1A8E68F50C}.Debug|iPhoneSimulator.Build.0 = Debug|Any CPU
		{E0B39397-865F-48B2-9A37-3B1A8E68F50C}.Debug|x64.ActiveCfg = Debug|Any CPU
		{E0B39397-865F-48B2-9A37-3B1A8E68F50C}.Debug|x64.Build.0 = Debug|Any CPU
		{E0B39397-865F-48B2-9A37-3B1A8E68F50C}.Debug|x86.ActiveCfg = Debug|Any CPU
		{E0B39397-865F-48B2-9A37-3B1A8E68F50C}.Debug|x86.Build.0 = Debug|Any CPU
		{E0B39397-865F-48B2-9A37-3B1A8E68F50C}.Release|Any CPU.ActiveCfg = Release|Any CPU
		{E0B39397-865F-48B2-9A37-3B1A8E68F50C}.Release|ARM.ActiveCfg = Release|Any CPU
		{E0B39397-865F-48B2-9A37-3B1A8E68F50C}.Release|ARM.Build.0 = Release|Any CPU
		{E0B39397-865F-48B2-9A37-3B1A8E68F50C}.Release|iPhone.ActiveCfg = Release|Any CPU
		{E0B39397-865F-48B2-9A37-3B1A8E68F50C}.Release|iPhone.Build.0 = Release|Any CPU
		{E0B39397-865F-48B2-9A37-3B1A8E68F50C}.Release|iPhoneSimulator.ActiveCfg = Release|Any CPU
		{E0B39397-865F-48B2-9A37-3B1A8E68F50C}.Release|iPhoneSimulator.Build.0 = Release|Any CPU
		{E0B39397-865F-48B2-9A37-3B1A8E68F50C}.Release|x64.ActiveCfg = Release|Any CPU
		{E0B39397-865F-48B2-9A37-3B1A8E68F50C}.Release|x64.Build.0 = Release|Any CPU
		{E0B39397-865F-48B2-9A37-3B1A8E68F50C}.Release|x86.ActiveCfg = Release|Any CPU
		{E0B39397-865F-48B2-9A37-3B1A8E68F50C}.Release|x86.Build.0 = Release|Any CPU
		{932E4B0F-0DD0-4998-94FE-93D366EE607E}.Ad-Hoc|Any CPU.ActiveCfg = Ad-Hoc|iPhone
		{932E4B0F-0DD0-4998-94FE-93D366EE607E}.Ad-Hoc|ARM.ActiveCfg = Ad-Hoc|iPhone
		{932E4B0F-0DD0-4998-94FE-93D366EE607E}.Ad-Hoc|iPhone.ActiveCfg = Ad-Hoc|iPhone
		{932E4B0F-0DD0-4998-94FE-93D366EE607E}.Ad-Hoc|iPhone.Build.0 = Ad-Hoc|iPhone
		{932E4B0F-0DD0-4998-94FE-93D366EE607E}.Ad-Hoc|iPhoneSimulator.ActiveCfg = Ad-Hoc|iPhoneSimulator
		{932E4B0F-0DD0-4998-94FE-93D366EE607E}.Ad-Hoc|iPhoneSimulator.Build.0 = Ad-Hoc|iPhoneSimulator
		{932E4B0F-0DD0-4998-94FE-93D366EE607E}.Ad-Hoc|x64.ActiveCfg = Ad-Hoc|iPhone
		{932E4B0F-0DD0-4998-94FE-93D366EE607E}.Ad-Hoc|x86.ActiveCfg = Ad-Hoc|iPhone
		{932E4B0F-0DD0-4998-94FE-93D366EE607E}.AppStore|Any CPU.ActiveCfg = AppStore|iPhone
		{932E4B0F-0DD0-4998-94FE-93D366EE607E}.AppStore|ARM.ActiveCfg = AppStore|iPhone
		{932E4B0F-0DD0-4998-94FE-93D366EE607E}.AppStore|iPhone.ActiveCfg = AppStore|iPhone
		{932E4B0F-0DD0-4998-94FE-93D366EE607E}.AppStore|iPhone.Build.0 = AppStore|iPhone
		{932E4B0F-0DD0-4998-94FE-93D366EE607E}.AppStore|iPhoneSimulator.ActiveCfg = AppStore|iPhoneSimulator
		{932E4B0F-0DD0-4998-94FE-93D366EE607E}.AppStore|iPhoneSimulator.Build.0 = AppStore|iPhoneSimulator
		{932E4B0F-0DD0-4998-94FE-93D366EE607E}.AppStore|x64.ActiveCfg = AppStore|iPhone
		{932E4B0F-0DD0-4998-94FE-93D366EE607E}.AppStore|x86.ActiveCfg = AppStore|iPhone
		{932E4B0F-0DD0-4998-94FE-93D366EE607E}.Debug|Any CPU.ActiveCfg = Debug|iPhoneSimulator
		{932E4B0F-0DD0-4998-94FE-93D366EE607E}.Debug|Any CPU.Build.0 = Debug|iPhoneSimulator
		{932E4B0F-0DD0-4998-94FE-93D366EE607E}.Debug|ARM.ActiveCfg = Debug|iPhone
		{932E4B0F-0DD0-4998-94FE-93D366EE607E}.Debug|iPhone.ActiveCfg = Debug|iPhone
		{932E4B0F-0DD0-4998-94FE-93D366EE607E}.Debug|iPhone.Build.0 = Debug|iPhone
		{932E4B0F-0DD0-4998-94FE-93D366EE607E}.Debug|iPhoneSimulator.ActiveCfg = Debug|iPhoneSimulator
		{932E4B0F-0DD0-4998-94FE-93D366EE607E}.Debug|iPhoneSimulator.Build.0 = Debug|iPhoneSimulator
		{932E4B0F-0DD0-4998-94FE-93D366EE607E}.Debug|x64.ActiveCfg = Debug|iPhone
		{932E4B0F-0DD0-4998-94FE-93D366EE607E}.Debug|x86.ActiveCfg = Debug|iPhone
		{932E4B0F-0DD0-4998-94FE-93D366EE607E}.Release|Any CPU.ActiveCfg = Release|iPhone
		{932E4B0F-0DD0-4998-94FE-93D366EE607E}.Release|ARM.ActiveCfg = Release|iPhone
		{932E4B0F-0DD0-4998-94FE-93D366EE607E}.Release|iPhone.ActiveCfg = Release|iPhone
		{932E4B0F-0DD0-4998-94FE-93D366EE607E}.Release|iPhone.Build.0 = Release|iPhone
		{932E4B0F-0DD0-4998-94FE-93D366EE607E}.Release|iPhoneSimulator.ActiveCfg = Release|iPhoneSimulator
		{932E4B0F-0DD0-4998-94FE-93D366EE607E}.Release|iPhoneSimulator.Build.0 = Release|iPhoneSimulator
		{932E4B0F-0DD0-4998-94FE-93D366EE607E}.Release|x64.ActiveCfg = Release|iPhone
		{932E4B0F-0DD0-4998-94FE-93D366EE607E}.Release|x86.ActiveCfg = Release|iPhone
	EndGlobalSection
	GlobalSection(SolutionProperties) = preSolution
		HideSolutionNode = FALSE
	EndGlobalSection
	GlobalSection(ExtensibilityGlobals) = postSolution
		SolutionGuid = {F5399188-2304-4703-A27B-E19C3C4F7F2B}
	EndGlobalSection
EndGlobal
